{
  "version": "2",
  "remote": {
    "https://deno.land/std@0.177.1/_util/asserts.ts": "178dfc49a464aee693a7e285567b3d0b555dc805ff490505a8aae34f9cfb1462",
    "https://deno.land/std@0.177.1/_util/os.ts": "d932f56d41e4f6a6093d56044e29ce637f8dcc43c5a90af43504a889cf1775e3",
    "https://deno.land/std@0.177.1/node/_core.ts": "9a58c0ef98ee77e9b8fcc405511d1b37a003a705eb6a9b6e95f75434d8009adc",
    "https://deno.land/std@0.177.1/node/_events.d.ts": "1347437fd6b084d7c9a4e16b9fe7435f00b030970086482edeeb3b179d0775af",
    "https://deno.land/std@0.177.1/node/_events.mjs": "d4ba4e629abe3db9f1b14659fd5c282b7da8b2b95eaf13238eee4ebb142a2448",
    "https://deno.land/std@0.177.1/node/_utils.ts": "7fd55872a0cf9275e3c080a60e2fa6d45b8de9e956ebcde9053e72a344185884",
    "https://deno.land/std@0.177.1/node/events.ts": "d2de352d509de11a375e2cb397d6b98f5fed4e562fc1d41be33214903a38e6b0",
    "https://deno.land/std@0.177.1/node/internal/crypto/_keys.ts": "8f3c3b5a141aa0331a53c205e9338655f1b3b307a08085fd6ff6dda6f7c4190b",
    "https://deno.land/std@0.177.1/node/internal/crypto/constants.ts": "544d605703053218499b08214f2e25cf4310651d535b7ab995891c4b7a217693",
    "https://deno.land/std@0.177.1/node/internal/error_codes.ts": "8495e33f448a484518d76fa3d41d34fc20fe03c14b30130ad8e936b0035d4b8b",
    "https://deno.land/std@0.177.1/node/internal/errors.ts": "1c699b8a3cb93174f697a348c004b1c6d576b66688eac8a48ebb78e65c720aae",
    "https://deno.land/std@0.177.1/node/internal/hide_stack_frames.ts": "9dd1bad0a6e62a1042ce3a51eb1b1ecee2f246907bff44835f86e8f021de679a",
    "https://deno.land/std@0.177.1/node/internal/normalize_encoding.mjs": "fd1d9df61c44d7196432f6e8244621468715131d18cc79cd299fc78ac549f707",
    "https://deno.land/std@0.177.1/node/internal/util/inspect.mjs": "11d7c9cab514b8e485acc3978c74b837263ff9c08ae4537fa18ad56bae633259",
    "https://deno.land/std@0.177.1/node/internal/util/types.ts": "0e587b44ec5e017cf228589fc5ce9983b75beece6c39409c34170cfad49d6417",
    "https://deno.land/std@0.177.1/node/internal/validators.mjs": "e02f2b02dd072a5d623970292588d541204dc82207b4c58985d933a5f4b382e6",
    "https://deno.land/std@0.177.1/node/internal_binding/_libuv_winerror.ts": "30c9569603d4b97a1f1a034d88a3f74800d5ea1f12fcc3d225c9899d4e1a518b",
    "https://deno.land/std@0.177.1/node/internal_binding/_winerror.ts": "3e8cfdfe22e89f13d2b28529bab35155e6b1730c0221ec5a6fc7077dc037be13",
    "https://deno.land/std@0.177.1/node/internal_binding/constants.ts": "21ff9d1ee71d0a2086541083a7711842fc6ae25e264dbf45c73815aadce06f4c",
    "https://deno.land/std@0.177.1/node/internal_binding/types.ts": "2187595a58d2cf0134f4db6cc2a12bf777f452f52b15b6c3aed73fa072aa5fc3",
    "https://deno.land/std@0.177.1/node/internal_binding/util.ts": "808ff3b92740284184ab824adfc420e75398c88c8bccf5111f0c24ac18c48f10",
    "https://deno.land/std@0.177.1/node/internal_binding/uv.ts": "eb0048e30af4db407fb3f95563e30d70efd6187051c033713b0a5b768593a3a3",
    "https://deno.land/std@0.187.0/fmt/colors.ts": "d67e3cd9f472535241a8e410d33423980bec45047e343577554d3356e1f0ef4e",
    "https://deno.land/std@0.187.0/streams/write_all.ts": "aec90152978581ea62d56bb53a5cbf487e6a89c902f87c5969681ffbdf32b998",
    "https://deno.land/std@0.187.0/types.d.ts": "dbaeb2c4d7c526db9828fc8df89d8aecf53b9ced72e0c4568f97ddd8cda616a4",
    "https://deno.land/std@0.189.0/_util/asserts.ts": "178dfc49a464aee693a7e285567b3d0b555dc805ff490505a8aae34f9cfb1462",
    "https://deno.land/std@0.189.0/_util/os.ts": "d932f56d41e4f6a6093d56044e29ce637f8dcc43c5a90af43504a889cf1775e3",
    "https://deno.land/std@0.189.0/fmt/colors.ts": "d67e3cd9f472535241a8e410d33423980bec45047e343577554d3356e1f0ef4e",
    "https://deno.land/std@0.189.0/fs/exists.ts": "29c26bca8584a22876be7cb8844f1b6c8fc35e9af514576b78f5c6884d7ed02d",
    "https://deno.land/std@0.189.0/path/_constants.ts": "e49961f6f4f48039c0dfed3c3f93e963ca3d92791c9d478ac5b43183413136e0",
    "https://deno.land/std@0.189.0/path/_interface.ts": "6471159dfbbc357e03882c2266d21ef9afdb1e4aa771b0545e90db58a0ba314b",
    "https://deno.land/std@0.189.0/path/_util.ts": "d7abb1e0dea065f427b89156e28cdeb32b045870acdf865833ba808a73b576d0",
    "https://deno.land/std@0.189.0/path/common.ts": "ee7505ab01fd22de3963b64e46cff31f40de34f9f8de1fff6a1bd2fe79380000",
    "https://deno.land/std@0.189.0/path/glob.ts": "d479e0a695621c94d3fd7fe7abd4f9499caf32a8de13f25073451c6ef420a4e1",
    "https://deno.land/std@0.189.0/path/mod.ts": "ee161baec5ded6510ee1d1fb6a75a0f5e4b41f3f3301c92c716ecbdf7dae910d",
    "https://deno.land/std@0.189.0/path/posix.ts": "8b7c67ac338714b30c816079303d0285dd24af6b284f7ad63da5b27372a2c94d",
    "https://deno.land/std@0.189.0/path/separator.ts": "0fb679739d0d1d7bf45b68dacfb4ec7563597a902edbaf3c59b50d5bcadd93b1",
    "https://deno.land/std@0.189.0/path/win32.ts": "d186344e5583bcbf8b18af416d13d82b35a317116e6460a5a3953508c3de5bba",
    "https://deno.land/std@0.189.0/testing/_diff.ts": "1a3c044aedf77647d6cac86b798c6417603361b66b54c53331b312caeb447aea",
    "https://deno.land/std@0.189.0/testing/_format.ts": "a69126e8a469009adf4cf2a50af889aca364c349797e63174884a52ff75cf4c7",
    "https://deno.land/std@0.189.0/testing/asserts.ts": "e16d98b4d73ffc4ed498d717307a12500ae4f2cbe668f1a215632d19fcffc22f",
    "https://deno.land/x/discord_api_types@0.37.42/gateway/common.ts": "fb67003adda424df76c2726e0624d709c5a16e3694d6b75facd587d121fe121f",
    "https://deno.land/x/discord_api_types@0.37.42/gateway/v9.ts": "8ed2e90041e855c09ae4591f91e60dc4de61d1f81994f8e495666ac319792085",
    "https://deno.land/x/discord_api_types@0.37.42/globals.ts": "7d8879654c4741ac071668ad52f2659bcdb66694cfe7da306c8437ec752807a7",
    "https://deno.land/x/discord_api_types@0.37.42/payloads/common.ts": "20c5613a49737ad860bb12e598132ed7365bda6118e06932ede332ff2912099b",
    "https://deno.land/x/discord_api_types@0.37.42/payloads/v9/_interactions/_applicationCommands/_chatInput/attachment.ts": "c66dccd54c1b84d073f2e1caa466e551b8045a84a2e8a88a1bfbc7e2c64a703d",
    "https://deno.land/x/discord_api_types@0.37.42/payloads/v9/_interactions/_applicationCommands/_chatInput/base.ts": "1ce119f7d665cc087558565134d60e1a1fb9d4bb59eaccb12efcdc769848d5e3",
    "https://deno.land/x/discord_api_types@0.37.42/payloads/v9/_interactions/_applicationCommands/_chatInput/boolean.ts": "65e29561b61785ca4ede4b1b4a88c5fc0696cfdf1fa74d5197588c196ee7ae98",
    "https://deno.land/x/discord_api_types@0.37.42/payloads/v9/_interactions/_applicationCommands/_chatInput/channel.ts": "73c7fc49de242e1ce3be958375fd810750aed83553ef3860e3cddf858f9eb464",
    "https://deno.land/x/discord_api_types@0.37.42/payloads/v9/_interactions/_applicationCommands/_chatInput/integer.ts": "a25d24a3e54d647c7039b99e3208fc0fc2228d174f6dcc421e93919b8154a011",
    "https://deno.land/x/discord_api_types@0.37.42/payloads/v9/_interactions/_applicationCommands/_chatInput/mentionable.ts": "742e42857465866e0c08b587d7fb5ccd81d4705c61ce4cd6b97ad5692e88e969",
    "https://deno.land/x/discord_api_types@0.37.42/payloads/v9/_interactions/_applicationCommands/_chatInput/number.ts": "be974ea68f5fdf55d7a7f5d3faf48a3193777d432b1aa9087afc204bcb916284",
    "https://deno.land/x/discord_api_types@0.37.42/payloads/v9/_interactions/_applicationCommands/_chatInput/role.ts": "a57114d0f7eeee4ab7cf217a865dd9dbd9096d007c556aec6185d64257100f41",
    "https://deno.land/x/discord_api_types@0.37.42/payloads/v9/_interactions/_applicationCommands/_chatInput/shared.ts": "eb97277419032f6e86a556ed4d4dc3c968036da1f67b806a0445a5112341d25a",
    "https://deno.land/x/discord_api_types@0.37.42/payloads/v9/_interactions/_applicationCommands/_chatInput/string.ts": "33ab12dab64544a70729b9b66b5a9790964ea779f05d4ab1a1e190e7c1b59e98",
    "https://deno.land/x/discord_api_types@0.37.42/payloads/v9/_interactions/_applicationCommands/_chatInput/subcommand.ts": "0013737da6d2b54e2f413fbf31cf9c84ea51bd9204b615cb4fd19b420f856cb2",
    "https://deno.land/x/discord_api_types@0.37.42/payloads/v9/_interactions/_applicationCommands/_chatInput/subcommandGroup.ts": "db5cc701bcb3d68c094de409da39c9a2b8834dc0d5038e5f963c96e5eaf412ac",
    "https://deno.land/x/discord_api_types@0.37.42/payloads/v9/_interactions/_applicationCommands/_chatInput/user.ts": "ed2871693744298225ba53ddfb18d3e7afff20a34f413822d5b1193918aea27f",
    "https://deno.land/x/discord_api_types@0.37.42/payloads/v9/_interactions/_applicationCommands/chatInput.ts": "46362da4e56c99cc69331481330d6e95c31d5e46f4cc36ec23f03cafbb687d52",
    "https://deno.land/x/discord_api_types@0.37.42/payloads/v9/_interactions/_applicationCommands/contextMenu.ts": "89aed5f05f75d482e40259f55d0172143a90c1980d060d16545bdc14b68b29c4",
    "https://deno.land/x/discord_api_types@0.37.42/payloads/v9/_interactions/_applicationCommands/internals.ts": "5eb5ea13a1247c73c0611886dea09ab8d632a9c5555ff0f33d44cd379fd75a08",
    "https://deno.land/x/discord_api_types@0.37.42/payloads/v9/_interactions/_applicationCommands/permissions.ts": "ddca14b62e6afd418c1417117ffcc7cfb2ea5e5cc5353b4a0598435bdea45fb5",
    "https://deno.land/x/discord_api_types@0.37.42/payloads/v9/_interactions/applicationCommands.ts": "98a045a4eb9526af5abb75a3e5b8abcceb3b695761edbf6942834f8ebca5de89",
    "https://deno.land/x/discord_api_types@0.37.42/payloads/v9/_interactions/autocomplete.ts": "821ae50ff9845cac4b03169dbd4c4b187d8399765eb1f0d658d477c68e4c6136",
    "https://deno.land/x/discord_api_types@0.37.42/payloads/v9/_interactions/base.ts": "0c9e05c6565e3fc8bc48cf42d15c03008bdb199f631ba133178d4cb20e2f04a3",
    "https://deno.land/x/discord_api_types@0.37.42/payloads/v9/_interactions/messageComponents.ts": "08faa77d1c1d9a33359a962b78b695304e27cb6435af319b41e9a9d3b395adb2",
    "https://deno.land/x/discord_api_types@0.37.42/payloads/v9/_interactions/modalSubmit.ts": "3a02d2d7df5bcdb1ffcd089f15e0d82ab65dcc0cefa904c6e0621f46edac041e",
    "https://deno.land/x/discord_api_types@0.37.42/payloads/v9/_interactions/ping.ts": "096ce582e9af373649fd5355cccd7424adceaffb73367b5301f1594ef5a3c264",
    "https://deno.land/x/discord_api_types@0.37.42/payloads/v9/_interactions/responses.ts": "21d119e9feea93ad5920acbe3c7c2a04242e337027c5dd4f5dd8178f43f92a13",
    "https://deno.land/x/discord_api_types@0.37.42/payloads/v9/application.ts": "55a73defca659ec83c078627477d1434f7949670f85eb219e042bedd2c6ffa76",
    "https://deno.land/x/discord_api_types@0.37.42/payloads/v9/auditLog.ts": "cdd4a55a88e01cb68a7e440f611ba39f486a5e9a66a4e78a9de8c5a26e9bf52e",
    "https://deno.land/x/discord_api_types@0.37.42/payloads/v9/autoModeration.ts": "cfd9b1ce2be15ae240236507750120df975adee9ed9fca888de2851ef3f3f841",
    "https://deno.land/x/discord_api_types@0.37.42/payloads/v9/channel.ts": "7197ad9dbda4eb6ebf0ed35f5b148689181aa77a3cfce2248ec8c2b1afe93191",
    "https://deno.land/x/discord_api_types@0.37.42/payloads/v9/emoji.ts": "b9a30b16e1ec4dc15d6149e59aa48b02ad57a51335b7be5a7f5368db0491b3dd",
    "https://deno.land/x/discord_api_types@0.37.42/payloads/v9/gateway.ts": "fe616b88ea26c390494ee8f28348baea0f191cbfdf3acca65b90d5946965657f",
    "https://deno.land/x/discord_api_types@0.37.42/payloads/v9/guild.ts": "cb56f2653ff4a17d6ea23799fc54fad1a804bc63f7581f7f6bf525c27eb55e82",
    "https://deno.land/x/discord_api_types@0.37.42/payloads/v9/guildScheduledEvent.ts": "bf506b7807501b71077751ec793e719c5515e1bb405dec5cc4371a61b03cf8b9",
    "https://deno.land/x/discord_api_types@0.37.42/payloads/v9/interactions.ts": "17dabe94016dad3d0d7fdc0aa812bf5b0b366465dd72cd0b01168880778cc60d",
    "https://deno.land/x/discord_api_types@0.37.42/payloads/v9/invite.ts": "92c09f549482a4e2ad5a3c1062debfb262c6fe4b6740581175a0b8108873ab01",
    "https://deno.land/x/discord_api_types@0.37.42/payloads/v9/mod.ts": "733090e3f67bb812dc0a3986d476e62483e88dfa0ce362d048a669b54b94c625",
    "https://deno.land/x/discord_api_types@0.37.42/payloads/v9/oauth2.ts": "dfb9f09fb44bf5faaa73ad4488ebe408905907d5fd46404895317f4e7c378489",
    "https://deno.land/x/discord_api_types@0.37.42/payloads/v9/permissions.ts": "c99597ce7da8d68f728ec84b99291105530d1ea30198b12fecdb68b5ed3a9076",
    "https://deno.land/x/discord_api_types@0.37.42/payloads/v9/stageInstance.ts": "e3bcaaf7836462d91cf25caa1b9f7a6573c79eb49ce1034fa14d7af9f8153896",
    "https://deno.land/x/discord_api_types@0.37.42/payloads/v9/sticker.ts": "a917cbd294fe78dabe8414a86bdb3829491aad809b30896d7c205bd8a1c77909",
    "https://deno.land/x/discord_api_types@0.37.42/payloads/v9/teams.ts": "908ffbcb2389fdd50181e51c3147453d51a0f5c5490f3124161f904b7c240f73",
    "https://deno.land/x/discord_api_types@0.37.42/payloads/v9/template.ts": "c3025b6e2c42b9af2178ebee002186550e3c0375752168c584daad898d7d60ff",
    "https://deno.land/x/discord_api_types@0.37.42/payloads/v9/user.ts": "48ec759a544737ca6e4fcadc3d2f22049f127769913b404c308aefe15cfb4282",
    "https://deno.land/x/discord_api_types@0.37.42/payloads/v9/voice.ts": "62d03a540f2e78e5f3989f71a0ee1ec682ef7306a4fa096f89118cbd82351d47",
    "https://deno.land/x/discord_api_types@0.37.42/payloads/v9/webhook.ts": "7fc370f40a84f12a6e57ddda7cf2814f15039d6320b46979db0b49d5b91e303b",
    "https://deno.land/x/discord_api_types@0.37.42/rest/common.ts": "3914285dcd3d89a78fea9f73061d7b1cb1cafbc060bdc3cb12118ed889e4afb9",
    "https://deno.land/x/discord_api_types@0.37.42/rest/v9/application.ts": "1638ad98de600b7e9550d0c91affcac74d7d1546f4abe924b1878c94352e2906",
    "https://deno.land/x/discord_api_types@0.37.42/rest/v9/auditLog.ts": "3be87fbc7f8208b0967f1cf2f54b1be93599f6180e5394bbeae23018b554fc62",
    "https://deno.land/x/discord_api_types@0.37.42/rest/v9/autoModeration.ts": "06e180b942c566df378b33cfd8a70ddb0fd632808038b01ae56bfe1b02f8abc9",
    "https://deno.land/x/discord_api_types@0.37.42/rest/v9/channel.ts": "c62df931f3b031b189d5d0cf87216c22f5142115ce0e990e78ea6567571c28b7",
    "https://deno.land/x/discord_api_types@0.37.42/rest/v9/emoji.ts": "fe930e56d34e04a8c7918b976974671fda5cdfe8f8c92f940394d67dfcadb135",
    "https://deno.land/x/discord_api_types@0.37.42/rest/v9/gateway.ts": "70bc4e9fbc98427b4941c0b19e3d84d18946cf4e9d63f63ac0a254d100d70fc2",
    "https://deno.land/x/discord_api_types@0.37.42/rest/v9/guild.ts": "9ca9b9e77a2d350464e1f5d776ab29aab8c7efeffec37607814374015ecf99dc",
    "https://deno.land/x/discord_api_types@0.37.42/rest/v9/guildScheduledEvent.ts": "cf0438cef27ba4aa57b389647e31220c600bd16d4eb59b289dcc36f43c95fab3",
    "https://deno.land/x/discord_api_types@0.37.42/rest/v9/interactions.ts": "13b3817dc115e4ed5dcf67d7e1787419c592bc4214bab1af9f3ddfdd55fda72b",
    "https://deno.land/x/discord_api_types@0.37.42/rest/v9/invite.ts": "d45b777b45373113485683dc1d77cf6dc19aa0fa18b382aab0612361d0c2689e",
    "https://deno.land/x/discord_api_types@0.37.42/rest/v9/mod.ts": "7dbd1ed8e4df0f001914a1197e211ee0a7c12c5f3eb6fc44db2f86db3b546aec",
    "https://deno.land/x/discord_api_types@0.37.42/rest/v9/oauth2.ts": "528bb4d38296a2e3cb1ed36170f165dec63d054fc1232409b56bb7a14e1d44ef",
    "https://deno.land/x/discord_api_types@0.37.42/rest/v9/stageInstance.ts": "523df316b7b9ecba4bcd5aaad37ed8619526385ab32fbcd1752744700485330e",
    "https://deno.land/x/discord_api_types@0.37.42/rest/v9/sticker.ts": "547380054230da9a6a5cba20b0e9358042dbbb68bbe2c52c6a41b56de7835b84",
    "https://deno.land/x/discord_api_types@0.37.42/rest/v9/template.ts": "9be72832e69a7fca9b5d4d748e3d829a1f798a0e56cb04bb264a09b0ee6e48db",
    "https://deno.land/x/discord_api_types@0.37.42/rest/v9/user.ts": "f78a28c86b004fa3e138cced004c8f6598e38bb261c6693e2b104d65707aed10",
    "https://deno.land/x/discord_api_types@0.37.42/rest/v9/voice.ts": "3d7645763e81f36f28e2c82c7774080ba823a5aa36664fbb257ff507cb5b6d4a",
    "https://deno.land/x/discord_api_types@0.37.42/rest/v9/webhook.ts": "0a8c9f77d2a8700b257fbf9f97ec505d3f010701b7e87fee51b61b2055406241",
    "https://deno.land/x/discord_api_types@0.37.42/rpc/common.ts": "a693352ffd86ae9e995fb3fbfbfd2be30896257ecb83c5611050f060b08de4ef",
    "https://deno.land/x/discord_api_types@0.37.42/rpc/v9.ts": "fbaad9f3d73fce88e76b0e52ad5345093f18077e4293937c9ec0ee24415b9a93",
    "https://deno.land/x/discord_api_types@0.37.42/utils/internals.ts": "cb70895ba89f7947c38f7fa447b0190cb14b5585be323414cda53d2ccb19b16c",
    "https://deno.land/x/discord_api_types@0.37.42/utils/v9.ts": "3e40bd11df4e89a25f25a401c766da99699f2fe9f50b84afb096f8f14dd9cc03",
    "https://deno.land/x/discord_api_types@0.37.42/v9.ts": "b23b32f4d25b08e3965f5e2185ec53e48ca62b208ee9b20210d79093b137b384",
    "https://deno.land/x/logger@v1.1.1/date.ts": "09041dc83c9cddb489b875f45b07336dd894c23b9dd5b47235b94180571a2efa",
    "https://deno.land/x/logger@v1.1.1/deps.ts": "35d9214ccbbbdfac2770cdc51eec94618978bd0454bccfedb75c7987cf1294e8",
    "https://deno.land/x/logger@v1.1.1/eol.ts": "493acd048c546fd48bcd26365d4dadf3db81ce32c4611ca5b0b19e6de9f9826a",
    "https://deno.land/x/logger@v1.1.1/fs.ts": "7d1c7261e9f15d25c6c09df43169a4665bd9da7e2413534aa294f4b184f3fa4e",
    "https://deno.land/x/logger@v1.1.1/interface.ts": "7bca0b861b894e914508aab1afdd7e42e598695a50a3efe9db54be8ba4ab3b0e",
    "https://deno.land/x/logger@v1.1.1/logger.ts": "7fcae38aac2e379129ba43010e43d8fba7fe24e66d7a1a40bbbd8a74d32fc938",
    "https://deno.land/x/logger@v1.1.1/stdout.ts": "364b6ca8c016c9e67d457d12aa028a448e4b8af7a78965e42de824fb969a9ccb",
    "https://deno.land/x/logger@v1.1.1/types.ts": "ff4fcb574d926f0189b6cba89194c369ad037a9d219ea76085619d18e7b31cd9",
    "https://deno.land/x/logger@v1.1.1/writable.ts": "bb60ba4a798a10ac1649e30598c0c346055c0dcacb8f1e9452e4f66ea6680a45",
    "https://deno.land/x/logger@v1.1.1/writer.ts": "539ff3a1bdefef897ca1d13d387ee4d84d6491f460020454e9158076f5e09221"
  }
}
