{
  "version": "2",
  "remote": {
    "https://deno.land/std@0.109.0/_util/assert.ts": "2f868145a042a11d5ad0a3c748dcf580add8a0dbc0e876eaa0026303a5488f58",
    "https://deno.land/std@0.109.0/bytes/mod.ts": "440684e07e8f57a19a43b34d57eb63af0b36fc92b6657b6dcdbf9d5612d62e29",
    "https://deno.land/std@0.109.0/fmt/colors.ts": "8368ddf2d48dfe413ffd04cdbb7ae6a1009cf0dccc9c7ff1d76259d9c61a0621",
    "https://deno.land/std@0.109.0/io/buffer.ts": "3ead6bb11276ebcf093c403f74f67fd2205a515dbbb9061862c468ca56f37cd8",
    "https://deno.land/std@0.109.0/io/types.d.ts": "89a27569399d380246ca7cdd9e14d5e68459f11fb6110790cc5ecbd4ee7f3215",
    "https://deno.land/std@0.109.0/io/util.ts": "85c33d61b20fd706acc094fe80d4c8ae618b04abcf3a96ca2b47071842c1c8ac",
    "https://deno.land/std@0.109.0/testing/_diff.ts": "ccd6c3af6e44c74bf1591acb1361995f5f50df64323a6e7fb3f16c8ea792c940",
    "https://deno.land/std@0.109.0/testing/asserts.ts": "6b0d6ba564bdff807bd0f0e93e02c48aa3177acf19416bf84a7f420191ef74cd",
    "https://deno.land/std@0.184.0/fmt/colors.ts": "d67e3cd9f472535241a8e410d33423980bec45047e343577554d3356e1f0ef4e",
    "https://deno.land/std@0.184.0/testing/_diff.ts": "1a3c044aedf77647d6cac86b798c6417603361b66b54c53331b312caeb447aea",
    "https://deno.land/std@0.184.0/testing/_format.ts": "a69126e8a469009adf4cf2a50af889aca364c349797e63174884a52ff75cf4c7",
    "https://deno.land/std@0.184.0/testing/asserts.ts": "e16d98b4d73ffc4ed498d717307a12500ae4f2cbe668f1a215632d19fcffc22f",
    "https://deno.land/std@0.185.0/fmt/colors.ts": "d67e3cd9f472535241a8e410d33423980bec45047e343577554d3356e1f0ef4e",
    "https://deno.land/x/discord_api_types@0.37.40/gateway/common.ts": "fb67003adda424df76c2726e0624d709c5a16e3694d6b75facd587d121fe121f",
    "https://deno.land/x/discord_api_types@0.37.40/gateway/v9.ts": "18be3323168df223ea93fecc3c76308321e8ff3a7367b9eb2936863b14229cf2",
    "https://deno.land/x/discord_api_types@0.37.40/globals.ts": "687dfae80127f0e5a2baf474f668a85556a42920887bad631f5f154ef008080f",
    "https://deno.land/x/discord_api_types@0.37.40/payloads/common.ts": "83568375adcbad4c8af40d8d1c46ea5182da54980023e8445189d679294799d8",
    "https://deno.land/x/discord_api_types@0.37.40/payloads/v9/_interactions/_applicationCommands/_chatInput/attachment.ts": "2d1749a0154a0c6d679c82043ab578883a6c80c0e1d705b9d3f0fe8ab0fe6f7e",
    "https://deno.land/x/discord_api_types@0.37.40/payloads/v9/_interactions/_applicationCommands/_chatInput/base.ts": "89b1cb131febe09a7cb669f65155cf88a542cd85da4ed166e3774a875e68bb98",
    "https://deno.land/x/discord_api_types@0.37.40/payloads/v9/_interactions/_applicationCommands/_chatInput/boolean.ts": "65e29561b61785ca4ede4b1b4a88c5fc0696cfdf1fa74d5197588c196ee7ae98",
    "https://deno.land/x/discord_api_types@0.37.40/payloads/v9/_interactions/_applicationCommands/_chatInput/channel.ts": "240849fada5b367d586bd800314c5f8438761532b1d34226df20f7047aecea36",
    "https://deno.land/x/discord_api_types@0.37.40/payloads/v9/_interactions/_applicationCommands/_chatInput/integer.ts": "a25d24a3e54d647c7039b99e3208fc0fc2228d174f6dcc421e93919b8154a011",
    "https://deno.land/x/discord_api_types@0.37.40/payloads/v9/_interactions/_applicationCommands/_chatInput/mentionable.ts": "406c8ebb981cc691607caf1d841d989abbd5b15f779a5f1f8aab273926d92b74",
    "https://deno.land/x/discord_api_types@0.37.40/payloads/v9/_interactions/_applicationCommands/_chatInput/number.ts": "be974ea68f5fdf55d7a7f5d3faf48a3193777d432b1aa9087afc204bcb916284",
    "https://deno.land/x/discord_api_types@0.37.40/payloads/v9/_interactions/_applicationCommands/_chatInput/role.ts": "af60bd57e215373dbb08350304987fc1cc472d3bb1e0656f95de2d8bdb5399c8",
    "https://deno.land/x/discord_api_types@0.37.40/payloads/v9/_interactions/_applicationCommands/_chatInput/shared.ts": "eb97277419032f6e86a556ed4d4dc3c968036da1f67b806a0445a5112341d25a",
    "https://deno.land/x/discord_api_types@0.37.40/payloads/v9/_interactions/_applicationCommands/_chatInput/string.ts": "33ab12dab64544a70729b9b66b5a9790964ea779f05d4ab1a1e190e7c1b59e98",
    "https://deno.land/x/discord_api_types@0.37.40/payloads/v9/_interactions/_applicationCommands/_chatInput/subcommand.ts": "265a3b433d7635bfbeca8a1aef9c19de63c349da43c56d93ac52f1a352909a4f",
    "https://deno.land/x/discord_api_types@0.37.40/payloads/v9/_interactions/_applicationCommands/_chatInput/subcommandGroup.ts": "db5cc701bcb3d68c094de409da39c9a2b8834dc0d5038e5f963c96e5eaf412ac",
    "https://deno.land/x/discord_api_types@0.37.40/payloads/v9/_interactions/_applicationCommands/_chatInput/user.ts": "ba058577256522aa72ff14e2ad0851ae6029be282f1b3ad39e772189626a3646",
    "https://deno.land/x/discord_api_types@0.37.40/payloads/v9/_interactions/_applicationCommands/chatInput.ts": "36bbf210f205fc97f19abd73bf5cf88846c682ed88e49f53c72318522b55c8cc",
    "https://deno.land/x/discord_api_types@0.37.40/payloads/v9/_interactions/_applicationCommands/contextMenu.ts": "a56632f53b22bbed4bb6c483a3ca40cde137173c6fd82558bc2f5020bbcc8ca0",
    "https://deno.land/x/discord_api_types@0.37.40/payloads/v9/_interactions/_applicationCommands/internals.ts": "5eb5ea13a1247c73c0611886dea09ab8d632a9c5555ff0f33d44cd379fd75a08",
    "https://deno.land/x/discord_api_types@0.37.40/payloads/v9/_interactions/_applicationCommands/permissions.ts": "77e616fc4d0dbef7867e30203616228ca9f33567ecdce6c8b067b2d89f8468da",
    "https://deno.land/x/discord_api_types@0.37.40/payloads/v9/_interactions/applicationCommands.ts": "beabb16f7d0f9d65944169538ef073fa79748188a0a6a9bed47210e67de13a1b",
    "https://deno.land/x/discord_api_types@0.37.40/payloads/v9/_interactions/autocomplete.ts": "821ae50ff9845cac4b03169dbd4c4b187d8399765eb1f0d658d477c68e4c6136",
    "https://deno.land/x/discord_api_types@0.37.40/payloads/v9/_interactions/base.ts": "8e7903c264c4804ef9ac225597b5a7af6ff6b444b3c833997fd822f394fa2bcd",
    "https://deno.land/x/discord_api_types@0.37.40/payloads/v9/_interactions/messageComponents.ts": "4bce249862b4f6ccfd9a44052718b814be1141683cfb8562608bd62ab607cf05",
    "https://deno.land/x/discord_api_types@0.37.40/payloads/v9/_interactions/modalSubmit.ts": "3a02d2d7df5bcdb1ffcd089f15e0d82ab65dcc0cefa904c6e0621f46edac041e",
    "https://deno.land/x/discord_api_types@0.37.40/payloads/v9/_interactions/ping.ts": "096ce582e9af373649fd5355cccd7424adceaffb73367b5301f1594ef5a3c264",
    "https://deno.land/x/discord_api_types@0.37.40/payloads/v9/_interactions/responses.ts": "5ddd7abf5bbe96be865f96c14932e075b202100dd21da303928c5a2dd462cde9",
    "https://deno.land/x/discord_api_types@0.37.40/payloads/v9/application.ts": "bed8a2b120df6b2d5c798f342a1048eccee8a8d90c2e4f246fb9ba6e2d0aa696",
    "https://deno.land/x/discord_api_types@0.37.40/payloads/v9/auditLog.ts": "154f0ee3c9506fc98cba43148ed3f077b5e0251d98729e717940ca4603bdac3a",
    "https://deno.land/x/discord_api_types@0.37.40/payloads/v9/autoModeration.ts": "cfd9b1ce2be15ae240236507750120df975adee9ed9fca888de2851ef3f3f841",
    "https://deno.land/x/discord_api_types@0.37.40/payloads/v9/channel.ts": "a9443b9b7347b8e8b47e2346571249a556a38ddcf1cd53269ecbf46f56c555a5",
    "https://deno.land/x/discord_api_types@0.37.40/payloads/v9/emoji.ts": "f08356a5bce18c4c58745f6bfb2674c6b4afa8c0b28cdbcf6e839c82d8daee0a",
    "https://deno.land/x/discord_api_types@0.37.40/payloads/v9/gateway.ts": "aba3f631f6063bb431a20989c48340e0195dba65d2625aea9c1b60d1e0084e9c",
    "https://deno.land/x/discord_api_types@0.37.40/payloads/v9/guild.ts": "735e1550d3eaf55942a6a1619ae452ddc6a06a2aa8f2f58ed84f1c32a74fba8a",
    "https://deno.land/x/discord_api_types@0.37.40/payloads/v9/guildScheduledEvent.ts": "a9784f2eabc0da60cdb6d2fbf3afc448825689c2f4f7df043bbe0624ad38bc3b",
    "https://deno.land/x/discord_api_types@0.37.40/payloads/v9/interactions.ts": "17dabe94016dad3d0d7fdc0aa812bf5b0b366465dd72cd0b01168880778cc60d",
    "https://deno.land/x/discord_api_types@0.37.40/payloads/v9/invite.ts": "6d52ec042c2485ef0a4765455d77344773d79a2e178f5075a06c0d22f2a837a3",
    "https://deno.land/x/discord_api_types@0.37.40/payloads/v9/mod.ts": "733090e3f67bb812dc0a3986d476e62483e88dfa0ce362d048a669b54b94c625",
    "https://deno.land/x/discord_api_types@0.37.40/payloads/v9/oauth2.ts": "dfb9f09fb44bf5faaa73ad4488ebe408905907d5fd46404895317f4e7c378489",
    "https://deno.land/x/discord_api_types@0.37.40/payloads/v9/permissions.ts": "c99597ce7da8d68f728ec84b99291105530d1ea30198b12fecdb68b5ed3a9076",
    "https://deno.land/x/discord_api_types@0.37.40/payloads/v9/stageInstance.ts": "8653d72149b12ebad84df3a32f3cd0d6baa301672dff41c242231bb559ec560f",
    "https://deno.land/x/discord_api_types@0.37.40/payloads/v9/sticker.ts": "9ef06f6e0c821cd164d09a8992da6e59eda5a0cffd55ece9b00fc7178b267771",
    "https://deno.land/x/discord_api_types@0.37.40/payloads/v9/teams.ts": "b991091085456331b0f2586b630f6a99e59f613c74ad16f8521fe1f749205a16",
    "https://deno.land/x/discord_api_types@0.37.40/payloads/v9/template.ts": "ea67717854eb24c7ce10d69280f167749bad9f8daf16f0bd3b1287aa0e1e3e1d",
    "https://deno.land/x/discord_api_types@0.37.40/payloads/v9/user.ts": "5099e4ce548550a25243bd9e7456f63161b713d5106732e30e7745ea184b9395",
    "https://deno.land/x/discord_api_types@0.37.40/payloads/v9/voice.ts": "f06e63ce92a3f2168d002a3ea48c22923abde7367f6c176e69259cd5a318be67",
    "https://deno.land/x/discord_api_types@0.37.40/payloads/v9/webhook.ts": "b28b6e5077a24ce7c090ca8f97167f76a577c32bb720810a04118cc7cb7fe842",
    "https://deno.land/x/discord_api_types@0.37.40/rest/common.ts": "218b3e98beeb2b683caa72e357f8dc4c9d3e4470033001df8018919135e9499c",
    "https://deno.land/x/discord_api_types@0.37.40/rest/v9/application.ts": "1638ad98de600b7e9550d0c91affcac74d7d1546f4abe924b1878c94352e2906",
    "https://deno.land/x/discord_api_types@0.37.40/rest/v9/auditLog.ts": "3be87fbc7f8208b0967f1cf2f54b1be93599f6180e5394bbeae23018b554fc62",
    "https://deno.land/x/discord_api_types@0.37.40/rest/v9/autoModeration.ts": "06e180b942c566df378b33cfd8a70ddb0fd632808038b01ae56bfe1b02f8abc9",
    "https://deno.land/x/discord_api_types@0.37.40/rest/v9/channel.ts": "0f972ece9e27a4bf6f56f0c2417d8ea6e1f2f2597ec32080315659e95603fd77",
    "https://deno.land/x/discord_api_types@0.37.40/rest/v9/emoji.ts": "fe930e56d34e04a8c7918b976974671fda5cdfe8f8c92f940394d67dfcadb135",
    "https://deno.land/x/discord_api_types@0.37.40/rest/v9/gateway.ts": "70bc4e9fbc98427b4941c0b19e3d84d18946cf4e9d63f63ac0a254d100d70fc2",
    "https://deno.land/x/discord_api_types@0.37.40/rest/v9/guild.ts": "236fa386587c6690a4f1088e78741cd710ae25abcaf5e0d06c140319d54620f1",
    "https://deno.land/x/discord_api_types@0.37.40/rest/v9/guildScheduledEvent.ts": "cf0438cef27ba4aa57b389647e31220c600bd16d4eb59b289dcc36f43c95fab3",
    "https://deno.land/x/discord_api_types@0.37.40/rest/v9/interactions.ts": "f877213e0a474bc239339317bb7da22b5c530f3c00e07cd7c53165fac558785a",
    "https://deno.land/x/discord_api_types@0.37.40/rest/v9/invite.ts": "d45b777b45373113485683dc1d77cf6dc19aa0fa18b382aab0612361d0c2689e",
    "https://deno.land/x/discord_api_types@0.37.40/rest/v9/mod.ts": "73bc1a143349d7d4d14756e0605782b4e3d614a282c6defc89169357afd3d748",
    "https://deno.land/x/discord_api_types@0.37.40/rest/v9/oauth2.ts": "528bb4d38296a2e3cb1ed36170f165dec63d054fc1232409b56bb7a14e1d44ef",
    "https://deno.land/x/discord_api_types@0.37.40/rest/v9/stageInstance.ts": "523df316b7b9ecba4bcd5aaad37ed8619526385ab32fbcd1752744700485330e",
    "https://deno.land/x/discord_api_types@0.37.40/rest/v9/sticker.ts": "547380054230da9a6a5cba20b0e9358042dbbb68bbe2c52c6a41b56de7835b84",
    "https://deno.land/x/discord_api_types@0.37.40/rest/v9/template.ts": "9be72832e69a7fca9b5d4d748e3d829a1f798a0e56cb04bb264a09b0ee6e48db",
    "https://deno.land/x/discord_api_types@0.37.40/rest/v9/user.ts": "f78a28c86b004fa3e138cced004c8f6598e38bb261c6693e2b104d65707aed10",
    "https://deno.land/x/discord_api_types@0.37.40/rest/v9/voice.ts": "3d7645763e81f36f28e2c82c7774080ba823a5aa36664fbb257ff507cb5b6d4a",
    "https://deno.land/x/discord_api_types@0.37.40/rest/v9/webhook.ts": "0a8c9f77d2a8700b257fbf9f97ec505d3f010701b7e87fee51b61b2055406241",
    "https://deno.land/x/discord_api_types@0.37.40/rpc/common.ts": "cfacc7fab245a5a7e641479be9fc213ae57ce4095a08122a82b3b227d907f4c2",
    "https://deno.land/x/discord_api_types@0.37.40/rpc/v9.ts": "fbaad9f3d73fce88e76b0e52ad5345093f18077e4293937c9ec0ee24415b9a93",
    "https://deno.land/x/discord_api_types@0.37.40/utils/internals.ts": "cb70895ba89f7947c38f7fa447b0190cb14b5585be323414cda53d2ccb19b16c",
    "https://deno.land/x/discord_api_types@0.37.40/utils/v9.ts": "0d07a96091734dfdbf925e2a5bf325fc03431d534b8b9543b191c4e74adc7f71",
    "https://deno.land/x/discord_api_types@0.37.40/v9.ts": "b23b32f4d25b08e3965f5e2185ec53e48ca62b208ee9b20210d79093b137b384",
    "https://deno.land/x/logger@v1.0.2/date.ts": "09041dc83c9cddb489b875f45b07336dd894c23b9dd5b47235b94180571a2efa",
    "https://deno.land/x/logger@v1.0.2/deps.ts": "b70e9eb00927284209b39d6d715a3c1c7e9d77b8e95a38e2a8903a784930253c",
    "https://deno.land/x/logger@v1.0.2/eol.ts": "493acd048c546fd48bcd26365d4dadf3db81ce32c4611ca5b0b19e6de9f9826a",
    "https://deno.land/x/logger@v1.0.2/fs.ts": "7d1c7261e9f15d25c6c09df43169a4665bd9da7e2413534aa294f4b184f3fa4e",
    "https://deno.land/x/logger@v1.0.2/interface.ts": "ae4afbd75c6a75138e819acd82aeafbd200a38d1b67d4d04822728de37dd3c94",
    "https://deno.land/x/logger@v1.0.2/logger.ts": "888910d0bc75632812afd202adee9618aa0c84e87405f0ef75ae391ddc129593",
    "https://deno.land/x/logger@v1.0.2/stdout.ts": "364b6ca8c016c9e67d457d12aa028a448e4b8af7a78965e42de824fb969a9ccb",
    "https://deno.land/x/logger@v1.0.2/types.ts": "ff4fcb574d926f0189b6cba89194c369ad037a9d219ea76085619d18e7b31cd9",
    "https://deno.land/x/logger@v1.0.2/writable.ts": "5e82462ae5738c8b3c152bb77e2a653bd14caa358d9017a9fcbc1ca0a9bc3c3f",
    "https://deno.land/x/logger@v1.0.2/writer.ts": "7e0f7e204d96418e7d1285299c6d604f5479928f4b6f5b25daa32ac5fba31175"
  }
}
